// !$*UTF8*$!
{
	archiveVersion = 1;
	classes = {
	};
	objectVersion = 46;
	objects = {

/* Begin PBXBuildFile section */
		45448FAC1D38D1BF0099D2ED /* NextVC.m in Sources */ = {isa = PBXBuildFile; fileRef = 45448FAA1D38D1BF0099D2ED /* NextVC.m */; };
		45448FAD1D38D1BF0099D2ED /* NextVC.xib in Resources */ = {isa = PBXBuildFile; fileRef = 45448FAB1D38D1BF0099D2ED /* NextVC.xib */; };
		454A75A11DDAFCDC005A67DB /* SYWindow.m in Sources */ = {isa = PBXBuildFile; fileRef = 454A759C1DDAFCDC005A67DB /* SYWindow.m */; };
		454A75A21DDAFCDC005A67DB /* LoginViewController.m in Sources */ = {isa = PBXBuildFile; fileRef = 454A759F1DDAFCDC005A67DB /* LoginViewController.m */; };
		454A75A31DDAFCDC005A67DB /* LoginViewController.xib in Resources */ = {isa = PBXBuildFile; fileRef = 454A75A01DDAFCDC005A67DB /* LoginViewController.xib */; };
		45F7B8301CD3087900EFE85B /* main.m in Sources */ = {isa = PBXBuildFile; fileRef = 45F7B82F1CD3087900EFE85B /* main.m */; };
		45F7B8331CD3087900EFE85B /* AppDelegate.m in Sources */ = {isa = PBXBuildFile; fileRef = 45F7B8321CD3087900EFE85B /* AppDelegate.m */; };
		45F7B8361CD3087900EFE85B /* ViewController.m in Sources */ = {isa = PBXBuildFile; fileRef = 45F7B8351CD3087900EFE85B /* ViewController.m */; };
		45F7B8391CD3087900EFE85B /* Main.storyboard in Resources */ = {isa = PBXBuildFile; fileRef = 45F7B8371CD3087900EFE85B /* Main.storyboard */; };
		45F7B83B1CD3087900EFE85B /* Assets.xcassets in Resources */ = {isa = PBXBuildFile; fileRef = 45F7B83A1CD3087900EFE85B /* Assets.xcassets */; };
		45F7B83E1CD3087900EFE85B /* LaunchScreen.storyboard in Resources */ = {isa = PBXBuildFile; fileRef = 45F7B83C1CD3087900EFE85B /* LaunchScreen.storyboard */; };
		45F7B8491CD3087900EFE85B /* _11Tests.m in Sources */ = {isa = PBXBuildFile; fileRef = 45F7B8481CD3087900EFE85B /* _11Tests.m */; };
		45F7B8541CD3087900EFE85B /* _11UITests.m in Sources */ = {isa = PBXBuildFile; fileRef = 45F7B8531CD3087900EFE85B /* _11UITests.m */; };
/* End PBXBuildFile section */

/* Begin PBXContainerItemProxy section */
		45F7B8451CD3087900EFE85B /* PBXContainerItemProxy */ = {
			isa = PBXContainerItemProxy;
			containerPortal = 45F7B8231CD3087900EFE85B /* Project object */;
			proxyType = 1;
			remoteGlobalIDString = 45F7B82A1CD3087900EFE85B;
			remoteInfo = 111;
		};
		45F7B8501CD3087900EFE85B /* PBXContainerItemProxy */ = {
			isa = PBXContainerItemProxy;
			containerPortal = 45F7B8231CD3087900EFE85B /* Project object */;
			proxyType = 1;
			remoteGlobalIDString = 45F7B82A1CD3087900EFE85B;
			remoteInfo = 111;
		};
/* End PBXContainerItemProxy section */

/* Begin PBXFileReference section */
		45448FA91D38D1BF0099D2ED /* NextVC.h */ = {isa = PBXFileReference; fileEncoding = 4; lastKnownFileType = sourcecode.c.h; path = NextVC.h; sourceTree = "<group>"; };
		45448FAA1D38D1BF0099D2ED /* NextVC.m */ = {isa = PBXFileReference; fileEncoding = 4; lastKnownFileType = sourcecode.c.objc; path = NextVC.m; sourceTree = "<group>"; };
		45448FAB1D38D1BF0099D2ED /* NextVC.xib */ = {isa = PBXFileReference; fileEncoding = 4; lastKnownFileType = file.xib; path = NextVC.xib; sourceTree = "<group>"; };
		454A759B1DDAFCDC005A67DB /* SYWindow.h */ = {isa = PBXFileReference; fileEncoding = 4; lastKnownFileType = sourcecode.c.h; path = SYWindow.h; sourceTree = "<group>"; };
		454A759C1DDAFCDC005A67DB /* SYWindow.m */ = {isa = PBXFileReference; fileEncoding = 4; lastKnownFileType = sourcecode.c.objc; path = SYWindow.m; sourceTree = "<group>"; };
		454A759D1DDAFCDC005A67DB /* SYWindowProtocol.h */ = {isa = PBXFileReference; fileEncoding = 4; lastKnownFileType = sourcecode.c.h; path = SYWindowProtocol.h; sourceTree = "<group>"; };
		454A759E1DDAFCDC005A67DB /* LoginViewController.h */ = {isa = PBXFileReference; fileEncoding = 4; lastKnownFileType = sourcecode.c.h; path = LoginViewController.h; sourceTree = "<group>"; };
		454A759F1DDAFCDC005A67DB /* LoginViewController.m */ = {isa = PBXFileReference; fileEncoding = 4; lastKnownFileType = sourcecode.c.objc; path = LoginViewController.m; sourceTree = "<group>"; };
		454A75A01DDAFCDC005A67DB /* LoginViewController.xib */ = {isa = PBXFileReference; fileEncoding = 4; lastKnownFileType = file.xib; path = LoginViewController.xib; sourceTree = "<group>"; };
		45F7B82B1CD3087900EFE85B /* 111.app */ = {isa = PBXFileReference; explicitFileType = wrapper.application; includeInIndex = 0; path = 111.app; sourceTree = BUILT_PRODUCTS_DIR; };
		45F7B82F1CD3087900EFE85B /* main.m */ = {isa = PBXFileReference; lastKnownFileType = sourcecode.c.objc; path = main.m; sourceTree = "<group>"; };
		45F7B8311CD3087900EFE85B /* AppDelegate.h */ = {isa = PBXFileReference; lastKnownFileType = sourcecode.c.h; path = AppDelegate.h; sourceTree = "<group>"; };
		45F7B8321CD3087900EFE85B /* AppDelegate.m */ = {isa = PBXFileReference; lastKnownFileType = sourcecode.c.objc; path = AppDelegate.m; sourceTree = "<group>"; };
		45F7B8341CD3087900EFE85B /* ViewController.h */ = {isa = PBXFileReference; lastKnownFileType = sourcecode.c.h; path = ViewController.h; sourceTree = "<group>"; };
		45F7B8351CD3087900EFE85B /* ViewController.m */ = {isa = PBXFileReference; lastKnownFileType = sourcecode.c.objc; path = ViewController.m; sourceTree = "<group>"; };
		45F7B8381CD3087900EFE85B /* Base */ = {isa = PBXFileReference; lastKnownFileType = file.storyboard; name = Base; path = Base.lproj/Main.storyboard; sourceTree = "<group>"; };
		45F7B83A1CD3087900EFE85B /* Assets.xcassets */ = {isa = PBXFileReference; lastKnownFileType = folder.assetcatalog; path = Assets.xcassets; sourceTree = "<group>"; };
		45F7B83D1CD3087900EFE85B /* Base */ = {isa = PBXFileReference; lastKnownFileType = file.storyboard; name = Base; path = Base.lproj/LaunchScreen.storyboard; sourceTree = "<group>"; };
		45F7B83F1CD3087900EFE85B /* Info.plist */ = {isa = PBXFileReference; lastKnownFileType = text.plist.xml; path = Info.plist; sourceTree = "<group>"; };
		45F7B8441CD3087900EFE85B /* 111Tests.xctest */ = {isa = PBXFileReference; explicitFileType = wrapper.cfbundle; includeInIndex = 0; path = 111Tests.xctest; sourceTree = BUILT_PRODUCTS_DIR; };
		45F7B8481CD3087900EFE85B /* _11Tests.m */ = {isa = PBXFileReference; lastKnownFileType = sourcecode.c.objc; path = _11Tests.m; sourceTree = "<group>"; };
		45F7B84A1CD3087900EFE85B /* Info.plist */ = {isa = PBXFileReference; lastKnownFileType = text.plist.xml; path = Info.plist; sourceTree = "<group>"; };
		45F7B84F1CD3087900EFE85B /* 111UITests.xctest */ = {isa = PBXFileReference; explicitFileType = wrapper.cfbundle; includeInIndex = 0; path = 111UITests.xctest; sourceTree = BUILT_PRODUCTS_DIR; };
		45F7B8531CD3087900EFE85B /* _11UITests.m */ = {isa = PBXFileReference; lastKnownFileType = sourcecode.c.objc; path = _11UITests.m; sourceTree = "<group>"; };
		45F7B8551CD3087900EFE85B /* Info.plist */ = {isa = PBXFileReference; lastKnownFileType = text.plist.xml; path = Info.plist; sourceTree = "<group>"; };
/* End PBXFileReference section */

/* Begin PBXFrameworksBuildPhase section */
		45F7B8281CD3087900EFE85B /* Frameworks */ = {
			isa = PBXFrameworksBuildPhase;
			buildActionMask = 2147483647;
			files = (
			);
			runOnlyForDeploymentPostprocessing = 0;
		};
		45F7B8411CD3087900EFE85B /* Frameworks */ = {
			isa = PBXFrameworksBuildPhase;
			buildActionMask = 2147483647;
			files = (
			);
			runOnlyForDeploymentPostprocessing = 0;
		};
		45F7B84C1CD3087900EFE85B /* Frameworks */ = {
			isa = PBXFrameworksBuildPhase;
			buildActionMask = 2147483647;
			files = (
			);
			runOnlyForDeploymentPostprocessing = 0;
		};
/* End PBXFrameworksBuildPhase section */

/* Begin PBXGroup section */
		454A759A1DDAFCDC005A67DB /* Login */ = {
			isa = PBXGroup;
			children = (
				454A759B1DDAFCDC005A67DB /* SYWindow.h */,
				454A759C1DDAFCDC005A67DB /* SYWindow.m */,
				454A759D1DDAFCDC005A67DB /* SYWindowProtocol.h */,
				454A759E1DDAFCDC005A67DB /* LoginViewController.h */,
				454A759F1DDAFCDC005A67DB /* LoginViewController.m */,
				454A75A01DDAFCDC005A67DB /* LoginViewController.xib */,
			);
			path = Login;
			sourceTree = "<group>";
		};
		45F7B8221CD3087900EFE85B = {
			isa = PBXGroup;
			children = (
				45F7B82D1CD3087900EFE85B /* 111 */,
				45F7B8471CD3087900EFE85B /* 111Tests */,
				45F7B8521CD3087900EFE85B /* 111UITests */,
				45F7B82C1CD3087900EFE85B /* Products */,
			);
			sourceTree = "<group>";
		};
		45F7B82C1CD3087900EFE85B /* Products */ = {
			isa = PBXGroup;
			children = (
				45F7B82B1CD3087900EFE85B /* 111.app */,
				45F7B8441CD3087900EFE85B /* 111Tests.xctest */,
				45F7B84F1CD3087900EFE85B /* 111UITests.xctest */,
			);
			name = Products;
			sourceTree = "<group>";
		};
		45F7B82D1CD3087900EFE85B /* 111 */ = {
			isa = PBXGroup;
			children = (
				454A759A1DDAFCDC005A67DB /* Login */,
				45F7B8311CD3087900EFE85B /* AppDelegate.h */,
				45F7B8321CD3087900EFE85B /* AppDelegate.m */,
				45F7B8341CD3087900EFE85B /* ViewController.h */,
				45F7B8351CD3087900EFE85B /* ViewController.m */,
				45448FA91D38D1BF0099D2ED /* NextVC.h */,
				45448FAA1D38D1BF0099D2ED /* NextVC.m */,
				45448FAB1D38D1BF0099D2ED /* NextVC.xib */,
				45F7B8371CD3087900EFE85B /* Main.storyboard */,
				45F7B83A1CD3087900EFE85B /* Assets.xcassets */,
				45F7B83C1CD3087900EFE85B /* LaunchScreen.storyboard */,
				45F7B83F1CD3087900EFE85B /* Info.plist */,
				45F7B82E1CD3087900EFE85B /* Supporting Files */,
			);
			path = 111;
			sourceTree = "<group>";
		};
		45F7B82E1CD3087900EFE85B /* Supporting Files */ = {
			isa = PBXGroup;
			children = (
				45F7B82F1CD3087900EFE85B /* main.m */,
			);
			name = "Supporting Files";
			sourceTree = "<group>";
		};
		45F7B8471CD3087900EFE85B /* 111Tests */ = {
			isa = PBXGroup;
			children = (
				45F7B8481CD3087900EFE85B /* _11Tests.m */,
				45F7B84A1CD3087900EFE85B /* Info.plist */,
			);
			path = 111Tests;
			sourceTree = "<group>";
		};
		45F7B8521CD3087900EFE85B /* 111UITests */ = {
			isa = PBXGroup;
			children = (
				45F7B8531CD3087900EFE85B /* _11UITests.m */,
				45F7B8551CD3087900EFE85B /* Info.plist */,
			);
			path = 111UITests;
			sourceTree = "<group>";
		};
/* End PBXGroup section */

/* Begin PBXNativeTarget section */
		45F7B82A1CD3087900EFE85B /* 111 */ = {
			isa = PBXNativeTarget;
			buildConfigurationList = 45F7B8581CD3087900EFE85B /* Build configuration list for PBXNativeTarget "111" */;
			buildPhases = (
				45F7B8271CD3087900EFE85B /* Sources */,
				45F7B8281CD3087900EFE85B /* Frameworks */,
				45F7B8291CD3087900EFE85B /* Resources */,
			);
			buildRules = (
			);
			dependencies = (
			);
			name = 111;
			productName = 111;
			productReference = 45F7B82B1CD3087900EFE85B /* 111.app */;
			productType = "com.apple.product-type.application";
		};
		45F7B8431CD3087900EFE85B /* 111Tests */ = {
			isa = PBXNativeTarget;
			buildConfigurationList = 45F7B85B1CD3087900EFE85B /* Build configuration list for PBXNativeTarget "111Tests" */;
			buildPhases = (
				45F7B8401CD3087900EFE85B /* Sources */,
				45F7B8411CD3087900EFE85B /* Frameworks */,
				45F7B8421CD3087900EFE85B /* Resources */,
			);
			buildRules = (
			);
			dependencies = (
				45F7B8461CD3087900EFE85B /* PBXTargetDependency */,
			);
			name = 111Tests;
			productName = 111Tests;
			productReference = 45F7B8441CD3087900EFE85B /* 111Tests.xctest */;
			productType = "com.apple.product-type.bundle.unit-test";
		};
		45F7B84E1CD3087900EFE85B /* 111UITests */ = {
			isa = PBXNativeTarget;
			buildConfigurationList = 45F7B85E1CD3087900EFE85B /* Build configuration list for PBXNativeTarget "111UITests" */;
			buildPhases = (
				45F7B84B1CD3087900EFE85B /* Sources */,
				45F7B84C1CD3087900EFE85B /* Frameworks */,
				45F7B84D1CD3087900EFE85B /* Resources */,
			);
			buildRules = (
			);
			dependencies = (
				45F7B8511CD3087900EFE85B /* PBXTargetDependency */,
			);
			name = 111UITests;
			productName = 111UITests;
			productReference = 45F7B84F1CD3087900EFE85B /* 111UITests.xctest */;
			productType = "com.apple.product-type.bundle.ui-testing";
		};
/* End PBXNativeTarget section */

/* Begin PBXProject section */
		45F7B8231CD3087900EFE85B /* Project object */ = {
			isa = PBXProject;
			attributes = {
				LastUpgradeCheck = 0730;
				ORGANIZATIONNAME = com.sitemap;
				TargetAttributes = {
					45F7B82A1CD3087900EFE85B = {
						CreatedOnToolsVersion = 7.3;
					};
					45F7B8431CD3087900EFE85B = {
						CreatedOnToolsVersion = 7.3;
						TestTargetID = 45F7B82A1CD3087900EFE85B;
					};
					45F7B84E1CD3087900EFE85B = {
						CreatedOnToolsVersion = 7.3;
						TestTargetID = 45F7B82A1CD3087900EFE85B;
					};
				};
			};
			buildConfigurationList = 45F7B8261CD3087900EFE85B /* Build configuration list for PBXProject "111" */;
			compatibilityVersion = "Xcode 3.2";
			developmentRegion = English;
			hasScannedForEncodings = 0;
			knownRegions = (
				en,
				Base,
			);
			mainGroup = 45F7B8221CD3087900EFE85B;
			productRefGroup = 45F7B82C1CD3087900EFE85B /* Products */;
			projectDirPath = "";
			projectRoot = "";
			targets = (
				45F7B82A1CD3087900EFE85B /* 111 */,
				45F7B8431CD3087900EFE85B /* 111Tests */,
				45F7B84E1CD3087900EFE85B /* 111UITests */,
			);
		};
/* End PBXProject section */

/* Begin PBXResourcesBuildPhase section */
		45F7B8291CD3087900EFE85B /* Resources */ = {
			isa = PBXResourcesBuildPhase;
			buildActionMask = 2147483647;
			files = (
				454A75A31DDAFCDC005A67DB /* LoginViewController.xib in Resources */,
				45F7B83E1CD3087900EFE85B /* LaunchScreen.storyboard in Resources */,
				45F7B83B1CD3087900EFE85B /* Assets.xcassets in Resources */,
				45448FAD1D38D1BF0099D2ED /* NextVC.xib in Resources */,
				45F7B8391CD3087900EFE85B /* Main.storyboard in Resources */,
			);
			runOnlyForDeploymentPostprocessing = 0;
		};
		45F7B8421CD3087900EFE85B /* Resources */ = {
			isa = PBXResourcesBuildPhase;
			buildActionMask = 2147483647;
			files = (
			);
			runOnlyForDeploymentPostprocessing = 0;
		};
		45F7B84D1CD3087900EFE85B /* Resources */ = {
			isa = PBXResourcesBuildPhase;
			buildActionMask = 2147483647;
			files = (
			);
			runOnlyForDeploymentPostprocessing = 0;
		};
/* End PBXResourcesBuildPhase section */

/* Begin PBXSourcesBuildPhase section */
		45F7B8271CD3087900EFE85B /* Sources */ = {
			isa = PBXSourcesBuildPhase;
			buildActionMask = 2147483647;
			files = (
				454A75A11DDAFCDC005A67DB /* SYWindow.m in Sources */,
				45F7B8361CD3087900EFE85B /* ViewController.m in Sources */,
				454A75A21DDAFCDC005A67DB /* LoginViewController.m in Sources */,
				45448FAC1D38D1BF0099D2ED /* NextVC.m in Sources */,
				45F7B8331CD3087900EFE85B /* AppDelegate.m in Sources */,
				45F7B8301CD3087900EFE85B /* main.m in Sources */,
			);
			runOnlyForDeploymentPostprocessing = 0;
		};
		45F7B8401CD3087900EFE85B /* Sources */ = {
			isa = PBXSourcesBuildPhase;
			buildActionMask = 2147483647;
			files = (
				45F7B8491CD3087900EFE85B /* _11Tests.m in Sources */,
			);
			runOnlyForDeploymentPostprocessing = 0;
		};
		45F7B84B1CD3087900EFE85B /* Sources */ = {
			isa = PBXSourcesBuildPhase;
			buildActionMask = 2147483647;
			files = (
				45F7B8541CD3087900EFE85B /* _11UITests.m in Sources */,
			);
			runOnlyForDeploymentPostprocessing = 0;
		};
/* End PBXSourcesBuildPhase section */

/* Begin PBXTargetDependency section */
		45F7B8461CD3087900EFE85B /* PBXTargetDependency */ = {
			isa = PBXTargetDependency;
			target = 45F7B82A1CD3087900EFE85B /* 111 */;
			targetProxy = 45F7B8451CD3087900EFE85B /* PBXContainerItemProxy */;
		};
		45F7B8511CD3087900EFE85B /* PBXTargetDependency */ = {
			isa = PBXTargetDependency;
			target = 45F7B82A1CD3087900EFE85B /* 111 */;
			targetProxy = 45F7B8501CD3087900EFE85B /* PBXContainerItemProxy */;
		};
/* End PBXTargetDependency section */

/* Begin PBXVariantGroup section */
		45F7B8371CD3087900EFE85B /* Main.storyboard */ = {
			isa = PBXVariantGroup;
			children = (
				45F7B8381CD3087900EFE85B /* Base */,
			);
			name = Main.storyboard;
			sourceTree = "<group>";
		};
		45F7B83C1CD3087900EFE85B /* LaunchScreen.storyboard */ = {
			isa = PBXVariantGroup;
			children = (
				45F7B83D1CD3087900EFE85B /* Base */,
			);
			name = LaunchScreen.storyboard;
			sourceTree = "<group>";
		};
/* End PBXVariantGroup section */

/* Begin XCBuildConfiguration section */
		45F7B8561CD3087900EFE85B /* Debug */ = {
			isa = XCBuildConfiguration;
			buildSettings = {
				ALWAYS_SEARCH_USER_PATHS = NO;
				CLANG_ANALYZER_NONNULL = YES;
				CLANG_CXX_LANGUAGE_STANDARD = "gnu++0x";
				CLANG_CXX_LIBRARY = "libc++";
				CLANG_ENABLE_MODULES = YES;
				CLANG_ENABLE_OBJC_ARC = YES;
				CLANG_WARN_BOOL_CONVERSION = YES;
				CLANG_WARN_CONSTANT_CONVERSION = YES;
				CLANG_WARN_DIRECT_OBJC_ISA_USAGE = YES_ERROR;
				CLANG_WARN_EMPTY_BODY = YES;
				CLANG_WARN_ENUM_CONVERSION = YES;
				CLANG_WARN_INT_CONVERSION = YES;
				CLANG_WARN_OBJC_ROOT_CLASS = YES_ERROR;
				CLANG_WARN_UNREACHABLE_CODE = YES;
				CLANG_WARN__DUPLICATE_METHOD_MATCH = YES;
				"CODE_SIGN_IDENTITY[sdk=iphoneos*]" = "iPhone Developer";
				COPY_PHASE_STRIP = NO;
				DEBUG_INFORMATION_FORMAT = dwarf;
				ENABLE_STRICT_OBJC_MSGSEND = YES;
				ENABLE_TESTABILITY = YES;
				GCC_C_LANGUAGE_STANDARD = gnu99;
				GCC_DYNAMIC_NO_PIC = NO;
				GCC_NO_COMMON_BLOCKS = YES;
				GCC_OPTIMIZATION_LEVEL = 0;
				GCC_PREPROCESSOR_DEFINITIONS = (
					"DEBUG=1",
					"$(inherited)",
				);
				GCC_WARN_64_TO_32_BIT_CONVERSION = YES;
				GCC_WARN_ABOUT_RETURN_TYPE = YES_ERROR;
				GCC_WARN_UNDECLARED_SELECTOR = YES;
				GCC_WARN_UNINITIALIZED_AUTOS = YES_AGGRESSIVE;
				GCC_WARN_UNUSED_FUNCTION = YES;
				GCC_WARN_UNUSED_VARIABLE = YES;
				IPHONEOS_DEPLOYMENT_TARGET = 9.3;
				MTL_ENABLE_DEBUG_INFO = YES;
				ONLY_ACTIVE_ARCH = YES;
				SDKROOT = iphoneos;
			};
			name = Debug;
		};
		45F7B8571CD3087900EFE85B /* Release */ = {
			isa = XCBuildConfiguration;
			buildSettings = {
				ALWAYS_SEARCH_USER_PATHS = NO;
				CLANG_ANALYZER_NONNULL = YES;
				CLANG_CXX_LANGUAGE_STANDARD = "gnu++0x";
				CLANG_CXX_LIBRARY = "libc++";
				CLANG_ENABLE_MODULES = YES;
				CLANG_ENABLE_OBJC_ARC = YES;
				CLANG_WARN_BOOL_CONVERSION = YES;
				CLANG_WARN_CONSTANT_CONVERSION = YES;
				CLANG_WARN_DIRECT_OBJC_ISA_USAGE = YES_ERROR;
				CLANG_WARN_EMPTY_BODY = YES;
				CLANG_WARN_ENUM_CONVERSION = YES;
				CLANG_WARN_INT_CONVERSION = YES;
				CLANG_WARN_OBJC_ROOT_CLASS = YES_ERROR;
				CLANG_WARN_UNREACHABLE_CODE = YES;
				CLANG_WARN__DUPLICATE_METHOD_MATCH = YES;
				"CODE_SIGN_IDENTITY[sdk=iphoneos*]" = "iPhone Developer";
				COPY_PHASE_STRIP = NO;
				DEBUG_INFORMATION_FORMAT = "dwarf-with-dsym";
				ENABLE_NS_ASSERTIONS = NO;
				ENABLE_STRICT_OBJC_MSGSEND = YES;
				GCC_C_LANGUAGE_STANDARD = gnu99;
				GCC_NO_COMMON_BLOCKS = YES;
				GCC_WARN_64_TO_32_BIT_CONVERSION = YES;
				GCC_WARN_ABOUT_RETURN_TYPE = YES_ERROR;
				GCC_WARN_UNDECLARED_SELECTOR = YES;
				GCC_WARN_UNINITIALIZED_AUTOS = YES_AGGRESSIVE;
				GCC_WARN_UNUSED_FUNCTION = YES;
				GCC_WARN_UNUSED_VARIABLE = YES;
				IPHONEOS_DEPLOYMENT_TARGET = 9.3;
				MTL_ENABLE_DEBUG_INFO = NO;
				SDKROOT = iphoneos;
				VALIDATE_PRODUCT = YES;
			};
			name = Release;
		};
		45F7B8591CD3087900EFE85B /* Debug */ = {
			isa = XCBuildConfiguration;
			buildSettings = {
				ASSETCATALOG_COMPILER_APPICON_NAME = AppIcon;
				INFOPLIST_FILE = 111/Info.plist;
				LD_RUNPATH_SEARCH_PATHS = "$(inherited) @executable_path/Frameworks";
				PRODUCT_BUNDLE_IDENTIFIER = com.ruifeng;
				PRODUCT_NAME = "$(TARGET_NAME)";
			};
			name = Debug;
		};
		45F7B85A1CD3087900EFE85B /* Release */ = {
			isa = XCBuildConfiguration;
			buildSettings = {
				ASSETCATALOG_COMPILER_APPICON_NAME = AppIcon;
				INFOPLIST_FILE = 111/Info.plist;
				LD_RUNPATH_SEARCH_PATHS = "$(inherited) @executable_path/Frameworks";
				PRODUCT_BUNDLE_IDENTIFIER = com.ruifeng;
				PRODUCT_NAME = "$(TARGET_NAME)";
			};
			name = Release;
		};
		45F7B85C1CD3087900EFE85B /* Debug */ = {
			isa = XCBuildConfiguration;
			buildSettings = {
				BUNDLE_LOADER = "$(TEST_HOST)";
				INFOPLIST_FILE = 111Tests/Info.plist;
				LD_RUNPATH_SEARCH_PATHS = "$(inherited) @executable_path/Frameworks @loader_path/Frameworks";
				PRODUCT_BUNDLE_IDENTIFIER = "com.sitemap.-11Tests";
				PRODUCT_NAME = "$(TARGET_NAME)";
				TEST_HOST = "$(BUILT_PRODUCTS_DIR)/111.app/111";
			};
			name = Debug;
		};
		45F7B85D1CD3087900EFE85B /* Release */ = {
			isa = XCBuildConfiguration;
			buildSettings = {
				BUNDLE_LOADER = "$(TEST_HOST)";
				INFOPLIST_FILE = 111Tests/Info.plist;
				LD_RUNPATH_SEARCH_PATHS = "$(inherited) @executable_path/Frameworks @loader_path/Frameworks";
				PRODUCT_BUNDLE_IDENTIFIER = "com.sitemap.-11Tests";
				PRODUCT_NAME = "$(TARGET_NAME)";
				TEST_HOST = "$(BUILT_PRODUCTS_DIR)/111.app/111";
			};
			name = Release;
		};
		45F7B85F1CD3087900EFE85B /* Debug */ = {
			isa = XCBuildConfiguration;
			buildSettings = {
				INFOPLIST_FILE = 111UITests/Info.plist;
				LD_RUNPATH_SEARCH_PATHS = "$(inherited) @executable_path/Frameworks @loader_path/Frameworks";
				PRODUCT_BUNDLE_IDENTIFIER = "com.sitemap.-11UITests";
				PRODUCT_NAME = "$(TARGET_NAME)";
				TEST_TARGET_NAME = 111;
			};
			name = Debug;
		};
		45F7B8601CD3087900EFE85B /* Release */ = {
			isa = XCBuildConfiguration;
			buildSettings = {
				INFOPLIST_FILE = 111UITests/Info.plist;
				LD_RUNPATH_SEARCH_PATHS = "$(inherited) @executable_path/Frameworks @loader_path/Frameworks";
				PRODUCT_BUNDLE_IDENTIFIER = "com.sitemap.-11UITests";
				PRODUCT_NAME = "$(TARGET_NAME)";
				TEST_TARGET_NAME = 111;
			};
			name = Release;
		};
/* End XCBuildConfiguration section */

/* Begin XCConfigurationList section */
		45F7B8261CD3087900EFE85B /* Build configuration list for PBXProject "111" */ = {
			isa = XCConfigurationList;
			buildConfigurations = (
				45F7B8561CD3087900EFE85B /* Debug */,
				45F7B8571CD3087900EFE85B /* Release */,
			);
			defaultConfigurationIsVisible = 0;
			defaultConfigurationName = Release;
		};
		45F7B8581CD3087900EFE85B /* Build configuration list for PBXNativeTarget "111" */ = {
			isa = XCConfigurationList;
			buildConfigurations = (
				45F7B8591CD3087900EFE85B /* Debug */,
				45F7B85A1CD3087900EFE85B /* Release */,
			);
			defaultConfigurationIsVisible = 0;
			defaultConfigurationName = Release;
		};
		45F7B85B1CD3087900EFE85B /* Build configuration list for PBXNativeTarget "111Tests" */ = {
			isa = XCConfigurationList;
			buildConfigurations = (
				45F7B85C1CD3087900EFE85B /* Debug */,
				45F7B85D1CD3087900EFE85B /* Release */,
			);
			defaultConfigurationIsVisible = 0;
			defaultConfigurationName = Release;
		};
		45F7B85E1CD3087900EFE85B /* Build configuration list for PBXNativeTarget "111UITests" */ = {
			isa = XCConfigurationList;
			buildConfigurations = (
				45F7B85F1CD3087900EFE85B /* Debug */,
				45F7B8601CD3087900EFE85B /* Release */,
			);
			defaultConfigurationIsVisible = 0;
			defaultConfigurationName = Release;
		};
/* End XCConfigurationList section */
	};
	rootObject = 45F7B8231CD3087900EFE85B /* Project object */;
}
